
Microsoft Visual Studio Solution File, Format Version 12.00
# Visual Studio 15
VisualStudioVersion = 15.0.26730.16
MinimumVisualStudioVersion = 10.0.40219.1
Project("{FAE04EC0-301F-11D3-BF4B-00C04F79EFBC}") = "Code", "Code\Code.csproj", "{1C433DC4-8FAC-42DB-BE62-48B35F71C3C7}"
EndProject
Project("{FAE04EC0-301F-11D3-BF4B-00C04F79EFBC}") = "CodeTests", "CodeTests\CodeTests.csproj", "{40A3AA7E-4529-44D1-B920-7B09AE45ADB8}"
EndProject
Global
	GlobalSection(SolutionConfigurationPlatforms) = preSolution
		Debug|Any CPU = Debug|Any CPU
		Release|Any CPU = Release|Any CPU
	EndGlobalSection
	GlobalSection(ProjectConfigurationPlatforms) = postSolution
		{1C433DC4-8FAC-42DB-BE62-48B35F71C3C7}.Debug|Any CPU.ActiveCfg = Debug|Any CPU
		{1C433DC4-8FAC-42DB-BE62-48B35F71C3C7}.Debug|Any CPU.Build.0 = Debug|Any CPU
		{1C433DC4-8FAC-42DB-BE62-48B35F71C3C7}.Release|Any CPU.ActiveCfg = Release|Any CPU
		{1C433DC4-8FAC-42DB-BE62-48B35F71C3C7}.Release|Any CPU.Build.0 = Release|Any CPU
		{40A3AA7E-4529-44D1-B920-7B09AE45ADB8}.Debug|Any CPU.ActiveCfg = Debug|Any CPU
		{40A3AA7E-4529-44D1-B920-7B09AE45ADB8}.Debug|Any CPU.Build.0 = Debug|Any CPU
		{40A3AA7E-4529-44D1-B920-7B09AE45ADB8}.Release|Any CPU.ActiveCfg = Release|Any CPU
		{40A3AA7E-4529-44D1-B920-7B09AE45ADB8}.Release|Any CPU.Build.0 = Release|Any CPU
	EndGlobalSection
	GlobalSection(SolutionProperties) = preSolution
		HideSolutionNode = FALSE
	EndGlobalSection
	GlobalSection(ExtensibilityGlobals) = postSolution
		SolutionGuid = {04C57DD5-5391-4CD4-B59F-6DABBF86D885}
	EndGlobalSection
EndGlobal
